
Microsoft Visual Studio Solution File, Format Version 12.00
# Visual Studio Version 16
VisualStudioVersion = 16.0.29403.142
MinimumVisualStudioVersion = 10.0.40219.1
Project("{FAE04EC0-301F-11D3-BF4B-00C04F79EFBC}") = "WeekFiveLab", "WeekFiveLab\WeekFiveLab.csproj", "{93DA040A-3603-4ADD-8E71-202E23BEB893}"
EndProject
Global
	GlobalSection(SolutionConfigurationPlatforms) = preSolution
		Debug|Any CPU = Debug|Any CPU
		Release|Any CPU = Release|Any CPU
	EndGlobalSection
	GlobalSection(ProjectConfigurationPlatforms) = postSolution
		{93DA040A-3603-4ADD-8E71-202E23BEB893}.Debug|Any CPU.ActiveCfg = Debug|Any CPU
		{93DA040A-3603-4ADD-8E71-202E23BEB893}.Debug|Any CPU.Build.0 = Debug|Any CPU
		{93DA040A-3603-4ADD-8E71-202E23BEB893}.Release|Any CPU.ActiveCfg = Release|Any CPU
		{93DA040A-3603-4ADD-8E71-202E23BEB893}.Release|Any CPU.Build.0 = Release|Any CPU
	EndGlobalSection
	GlobalSection(SolutionProperties) = preSolution
		HideSolutionNode = FALSE
	EndGlobalSection
	GlobalSection(ExtensibilityGlobals) = postSolution
		SolutionGuid = {DF911DC1-1229-4400-95C3-12D3C8074960}
	EndGlobalSection
EndGlobal
